// !$*UTF8*$!
{
	archiveVersion = 1;
	classes = {
	};
	objectVersion = 51;
	objects = {

/* Begin PBXBuildFile section */
		4AF31A81235CE47A0003824E /* AppDelegate.m in Sources */ = {isa = PBXBuildFile; fileRef = 4AF31A80235CE47A0003824E /* AppDelegate.m */; };
		4AF31A89235CE47C0003824E /* Assets.xcassets in Resources */ = {isa = PBXBuildFile; fileRef = 4AF31A88235CE47C0003824E /* Assets.xcassets */; };
		4AF31A8C235CE47C0003824E /* LaunchScreen.storyboard in Resources */ = {isa = PBXBuildFile; fileRef = 4AF31A8A235CE47C0003824E /* LaunchScreen.storyboard */; };
		4AF31A8F235CE47C0003824E /* main.m in Sources */ = {isa = PBXBuildFile; fileRef = 4AF31A8E235CE47C0003824E /* main.m */; };
		4AF31A99235CE47C0003824E /* ChallengerTests.m in Sources */ = {isa = PBXBuildFile; fileRef = 4AF31A98235CE47C0003824E /* ChallengerTests.m */; };
		4AF31AA4235CE47C0003824E /* ChallengerUITests.m in Sources */ = {isa = PBXBuildFile; fileRef = 4AF31AA3235CE47C0003824E /* ChallengerUITests.m */; };
		4AF31AC7235D6F220003824E /* FBSDKCoreKit.framework in Frameworks */ = {isa = PBXBuildFile; fileRef = 4AF31AC6235D6F220003824E /* FBSDKCoreKit.framework */; };
		4AF31AC9235D6F260003824E /* FBSDKLoginKit.framework in Frameworks */ = {isa = PBXBuildFile; fileRef = 4AF31AC8235D6F260003824E /* FBSDKLoginKit.framework */; };
		4AF31ACB236F49480003824E /* Home.storyboard in Resources */ = {isa = PBXBuildFile; fileRef = 4AF31ACA236F49480003824E /* Home.storyboard */; };
		4AF31AD52378CDD10003824E /* CGECollectionViewCell.xib in Resources */ = {isa = PBXBuildFile; fileRef = 4AF31AD42378CDD10003824E /* CGECollectionViewCell.xib */; };
		4AF31ADA2378E8AC0003824E /* CGRLogin_Storyboard.storyboard in Resources */ = {isa = PBXBuildFile; fileRef = 4AF31AD92378E8AC0003824E /* CGRLogin_Storyboard.storyboard */; };
		A92B8E598A4A0385070BB432 /* Pods_Challenger.framework in Frameworks */ = {isa = PBXBuildFile; fileRef = EDD4DA96D08C415956DB52BF /* Pods_Challenger.framework */; };
		E26515C023CABF5E0000E053 /* ChallengeTextCommentCell.xib in Resources */ = {isa = PBXBuildFile; fileRef = E26515BF23CABF5E0000E053 /* ChallengeTextCommentCell.xib */; };
		E26515C223CABF9D0000E053 /* ChallengeTextCommentView.swift in Sources */ = {isa = PBXBuildFile; fileRef = E26515C123CABF9D0000E053 /* ChallengeTextCommentView.swift */; };
		E271D5BB23C8C5CA004FAC36 /* ChallengeHeaderView.swift in Sources */ = {isa = PBXBuildFile; fileRef = E271D5BA23C8C5CA004FAC36 /* ChallengeHeaderView.swift */; };
		E282636023C38C99001BCD41 /* ChallengeHeaderView.xib in Resources */ = {isa = PBXBuildFile; fileRef = E282635F23C38C99001BCD41 /* ChallengeHeaderView.xib */; };
		E2A2AF4B239429F000FC3DB6 /* HomeViewController.swift in Sources */ = {isa = PBXBuildFile; fileRef = E2A2AF4A239429F000FC3DB6 /* HomeViewController.swift */; };
		E2A2AF4D23943E1900FC3DB6 /* CGECollectionViewCell.swift in Sources */ = {isa = PBXBuildFile; fileRef = E2A2AF4C23943E1900FC3DB6 /* CGECollectionViewCell.swift */; };
		E2A2AF4F2394409700FC3DB6 /* CGRLoginViewController.swift in Sources */ = {isa = PBXBuildFile; fileRef = E2A2AF4E2394409700FC3DB6 /* CGRLoginViewController.swift */; };
		E2A82E8023BBF59000DB2960 /* Challenge.swift in Sources */ = {isa = PBXBuildFile; fileRef = E2A82E7F23BBF59000DB2960 /* Challenge.swift */; };
		E2F7F1C323BB0FC5002311E7 /* CGRUtils.swift in Sources */ = {isa = PBXBuildFile; fileRef = E2F7F1C223BB0FC4002311E7 /* CGRUtils.swift */; };
/* End PBXBuildFile section */

/* Begin PBXContainerItemProxy section */
		4AF31A95235CE47C0003824E /* PBXContainerItemProxy */ = {
			isa = PBXContainerItemProxy;
			containerPortal = 4AF31A74235CE47A0003824E /* Project object */;
			proxyType = 1;
			remoteGlobalIDString = 4AF31A7B235CE47A0003824E;
			remoteInfo = Challenger;
		};
		4AF31AA0235CE47C0003824E /* PBXContainerItemProxy */ = {
			isa = PBXContainerItemProxy;
			containerPortal = 4AF31A74235CE47A0003824E /* Project object */;
			proxyType = 1;
			remoteGlobalIDString = 4AF31A7B235CE47A0003824E;
			remoteInfo = Challenger;
		};
/* End PBXContainerItemProxy section */

/* Begin PBXFileReference section */
		4AF31A7C235CE47A0003824E /* Challenger.app */ = {isa = PBXFileReference; explicitFileType = wrapper.application; includeInIndex = 0; path = Challenger.app; sourceTree = BUILT_PRODUCTS_DIR; };
		4AF31A7F235CE47A0003824E /* AppDelegate.h */ = {isa = PBXFileReference; lastKnownFileType = sourcecode.c.h; path = AppDelegate.h; sourceTree = "<group>"; };
		4AF31A80235CE47A0003824E /* AppDelegate.m */ = {isa = PBXFileReference; lastKnownFileType = sourcecode.c.objc; path = AppDelegate.m; sourceTree = "<group>"; };
		4AF31A88235CE47C0003824E /* Assets.xcassets */ = {isa = PBXFileReference; lastKnownFileType = folder.assetcatalog; path = Assets.xcassets; sourceTree = "<group>"; };
		4AF31A8B235CE47C0003824E /* Base */ = {isa = PBXFileReference; lastKnownFileType = file.storyboard; name = Base; path = Base.lproj/LaunchScreen.storyboard; sourceTree = "<group>"; };
		4AF31A8D235CE47C0003824E /* Info.plist */ = {isa = PBXFileReference; lastKnownFileType = text.plist.xml; path = Info.plist; sourceTree = "<group>"; };
		4AF31A8E235CE47C0003824E /* main.m */ = {isa = PBXFileReference; lastKnownFileType = sourcecode.c.objc; path = main.m; sourceTree = "<group>"; };
		4AF31A94235CE47C0003824E /* ChallengerTests.xctest */ = {isa = PBXFileReference; explicitFileType = wrapper.cfbundle; includeInIndex = 0; path = ChallengerTests.xctest; sourceTree = BUILT_PRODUCTS_DIR; };
		4AF31A98235CE47C0003824E /* ChallengerTests.m */ = {isa = PBXFileReference; lastKnownFileType = sourcecode.c.objc; path = ChallengerTests.m; sourceTree = "<group>"; };
		4AF31A9A235CE47C0003824E /* Info.plist */ = {isa = PBXFileReference; lastKnownFileType = text.plist.xml; path = Info.plist; sourceTree = "<group>"; };
		4AF31A9F235CE47C0003824E /* ChallengerUITests.xctest */ = {isa = PBXFileReference; explicitFileType = wrapper.cfbundle; includeInIndex = 0; path = ChallengerUITests.xctest; sourceTree = BUILT_PRODUCTS_DIR; };
		4AF31AA3235CE47C0003824E /* ChallengerUITests.m */ = {isa = PBXFileReference; lastKnownFileType = sourcecode.c.objc; path = ChallengerUITests.m; sourceTree = "<group>"; };
		4AF31AA5235CE47C0003824E /* Info.plist */ = {isa = PBXFileReference; lastKnownFileType = text.plist.xml; path = Info.plist; sourceTree = "<group>"; };
		4AF31AC6235D6F220003824E /* FBSDKCoreKit.framework */ = {isa = PBXFileReference; explicitFileType = wrapper.framework; path = FBSDKCoreKit.framework; sourceTree = BUILT_PRODUCTS_DIR; };
		4AF31AC8235D6F260003824E /* FBSDKLoginKit.framework */ = {isa = PBXFileReference; explicitFileType = wrapper.framework; path = FBSDKLoginKit.framework; sourceTree = BUILT_PRODUCTS_DIR; };
		4AF31ACA236F49480003824E /* Home.storyboard */ = {isa = PBXFileReference; lastKnownFileType = file.storyboard; path = Home.storyboard; sourceTree = "<group>"; };
		4AF31AD42378CDD10003824E /* CGECollectionViewCell.xib */ = {isa = PBXFileReference; lastKnownFileType = file.xib; path = CGECollectionViewCell.xib; sourceTree = "<group>"; };
		4AF31AD92378E8AC0003824E /* CGRLogin_Storyboard.storyboard */ = {isa = PBXFileReference; lastKnownFileType = file.storyboard; path = CGRLogin_Storyboard.storyboard; sourceTree = "<group>"; };
		8F26AD8986BEB74B2602F6BF /* Pods-Challenger.debug.xcconfig */ = {isa = PBXFileReference; includeInIndex = 1; lastKnownFileType = text.xcconfig; name = "Pods-Challenger.debug.xcconfig"; path = "Target Support Files/Pods-Challenger/Pods-Challenger.debug.xcconfig"; sourceTree = "<group>"; };
		96E942A59849629B67619053 /* Pods-Challenger.release.xcconfig */ = {isa = PBXFileReference; includeInIndex = 1; lastKnownFileType = text.xcconfig; name = "Pods-Challenger.release.xcconfig"; path = "Target Support Files/Pods-Challenger/Pods-Challenger.release.xcconfig"; sourceTree = "<group>"; };
		E26515BF23CABF5E0000E053 /* ChallengeTextCommentCell.xib */ = {isa = PBXFileReference; lastKnownFileType = file.xib; path = ChallengeTextCommentCell.xib; sourceTree = "<group>"; };
		E26515C123CABF9D0000E053 /* ChallengeTextCommentView.swift */ = {isa = PBXFileReference; lastKnownFileType = sourcecode.swift; path = ChallengeTextCommentView.swift; sourceTree = "<group>"; };
		E271D5BA23C8C5CA004FAC36 /* ChallengeHeaderView.swift */ = {isa = PBXFileReference; lastKnownFileType = sourcecode.swift; path = ChallengeHeaderView.swift; sourceTree = "<group>"; };
		E282635F23C38C99001BCD41 /* ChallengeHeaderView.xib */ = {isa = PBXFileReference; lastKnownFileType = file.xib; path = ChallengeHeaderView.xib; sourceTree = "<group>"; };
		E2A2AF49239429F000FC3DB6 /* Challenger-Bridging-Header.h */ = {isa = PBXFileReference; lastKnownFileType = sourcecode.c.h; path = "Challenger-Bridging-Header.h"; sourceTree = "<group>"; };
		E2A2AF4A239429F000FC3DB6 /* HomeViewController.swift */ = {isa = PBXFileReference; lastKnownFileType = sourcecode.swift; path = HomeViewController.swift; sourceTree = "<group>"; };
		E2A2AF4C23943E1900FC3DB6 /* CGECollectionViewCell.swift */ = {isa = PBXFileReference; lastKnownFileType = sourcecode.swift; path = CGECollectionViewCell.swift; sourceTree = "<group>"; };
		E2A2AF4E2394409700FC3DB6 /* CGRLoginViewController.swift */ = {isa = PBXFileReference; lastKnownFileType = sourcecode.swift; path = CGRLoginViewController.swift; sourceTree = "<group>"; };
		E2A82E7F23BBF59000DB2960 /* Challenge.swift */ = {isa = PBXFileReference; lastKnownFileType = sourcecode.swift; path = Challenge.swift; sourceTree = "<group>"; };
		E2F7F1C223BB0FC4002311E7 /* CGRUtils.swift */ = {isa = PBXFileReference; lastKnownFileType = sourcecode.swift; path = CGRUtils.swift; sourceTree = "<group>"; };
		EDD4DA96D08C415956DB52BF /* Pods_Challenger.framework */ = {isa = PBXFileReference; explicitFileType = wrapper.framework; includeInIndex = 0; path = Pods_Challenger.framework; sourceTree = BUILT_PRODUCTS_DIR; };
/* End PBXFileReference section */

/* Begin PBXFrameworksBuildPhase section */
		4AF31A79235CE47A0003824E /* Frameworks */ = {
			isa = PBXFrameworksBuildPhase;
			buildActionMask = 2147483647;
			files = (
				4AF31AC9235D6F260003824E /* FBSDKLoginKit.framework in Frameworks */,
				4AF31AC7235D6F220003824E /* FBSDKCoreKit.framework in Frameworks */,
				A92B8E598A4A0385070BB432 /* Pods_Challenger.framework in Frameworks */,
			);
			runOnlyForDeploymentPostprocessing = 0;
		};
		4AF31A91235CE47C0003824E /* Frameworks */ = {
			isa = PBXFrameworksBuildPhase;
			buildActionMask = 2147483647;
			files = (
			);
			runOnlyForDeploymentPostprocessing = 0;
		};
		4AF31A9C235CE47C0003824E /* Frameworks */ = {
			isa = PBXFrameworksBuildPhase;
			buildActionMask = 2147483647;
			files = (
			);
			runOnlyForDeploymentPostprocessing = 0;
		};
/* End PBXFrameworksBuildPhase section */

/* Begin PBXGroup section */
		4AF31A73235CE47A0003824E = {
			isa = PBXGroup;
			children = (
				4AF31A7E235CE47A0003824E /* Challenger */,
				4AF31A97235CE47C0003824E /* ChallengerTests */,
				4AF31AA2235CE47C0003824E /* ChallengerUITests */,
				4AF31A7D235CE47A0003824E /* Products */,
				BFFCCD7E5FAFD37B99077858 /* Pods */,
				4AF31AC5235D6F220003824E /* Frameworks */,
			);
			sourceTree = "<group>";
		};
		4AF31A7D235CE47A0003824E /* Products */ = {
			isa = PBXGroup;
			children = (
				4AF31A7C235CE47A0003824E /* Challenger.app */,
				4AF31A94235CE47C0003824E /* ChallengerTests.xctest */,
				4AF31A9F235CE47C0003824E /* ChallengerUITests.xctest */,
			);
			name = Products;
			sourceTree = "<group>";
		};
		4AF31A7E235CE47A0003824E /* Challenger */ = {
			isa = PBXGroup;
			children = (
				E26515BE23CABF310000E053 /* Controllers */,
				E26515BD23CABF080000E053 /* Storyboards */,
				E26515BC23CABEE80000E053 /* Views */,
				E282635C23C2AA35001BCD41 /* Models */,
				4AF31A7F235CE47A0003824E /* AppDelegate.h */,
				4AF31A80235CE47A0003824E /* AppDelegate.m */,
				4AF31A88235CE47C0003824E /* Assets.xcassets */,
				4AF31A8D235CE47C0003824E /* Info.plist */,
				4AF31A8E235CE47C0003824E /* main.m */,
				E2A2AF49239429F000FC3DB6 /* Challenger-Bridging-Header.h */,
				E2F7F1C223BB0FC4002311E7 /* CGRUtils.swift */,
			);
			path = Challenger;
			sourceTree = "<group>";
		};
		4AF31A97235CE47C0003824E /* ChallengerTests */ = {
			isa = PBXGroup;
			children = (
				4AF31A98235CE47C0003824E /* ChallengerTests.m */,
				4AF31A9A235CE47C0003824E /* Info.plist */,
			);
			path = ChallengerTests;
			sourceTree = "<group>";
		};
		4AF31AA2235CE47C0003824E /* ChallengerUITests */ = {
			isa = PBXGroup;
			children = (
				4AF31AA3235CE47C0003824E /* ChallengerUITests.m */,
				4AF31AA5235CE47C0003824E /* Info.plist */,
			);
			path = ChallengerUITests;
			sourceTree = "<group>";
		};
		4AF31AC5235D6F220003824E /* Frameworks */ = {
			isa = PBXGroup;
			children = (
				4AF31AC8235D6F260003824E /* FBSDKLoginKit.framework */,
				4AF31AC6235D6F220003824E /* FBSDKCoreKit.framework */,
				EDD4DA96D08C415956DB52BF /* Pods_Challenger.framework */,
			);
			name = Frameworks;
			sourceTree = "<group>";
		};
		BFFCCD7E5FAFD37B99077858 /* Pods */ = {
			isa = PBXGroup;
			children = (
				8F26AD8986BEB74B2602F6BF /* Pods-Challenger.debug.xcconfig */,
				96E942A59849629B67619053 /* Pods-Challenger.release.xcconfig */,
			);
			path = Pods;
			sourceTree = "<group>";
		};
		E26515BC23CABEE80000E053 /* Views */ = {
			isa = PBXGroup;
			children = (
				E282635F23C38C99001BCD41 /* ChallengeHeaderView.xib */,
				4AF31AD42378CDD10003824E /* CGECollectionViewCell.xib */,
				E26515BF23CABF5E0000E053 /* ChallengeTextCommentCell.xib */,
			);
			path = Views;
			sourceTree = "<group>";
		};
		E26515BD23CABF080000E053 /* Storyboards */ = {
			isa = PBXGroup;
			children = (
				4AF31ACA236F49480003824E /* Home.storyboard */,
				4AF31A8A235CE47C0003824E /* LaunchScreen.storyboard */,
				4AF31AD92378E8AC0003824E /* CGRLogin_Storyboard.storyboard */,
			);
			path = Storyboards;
			sourceTree = "<group>";
		};
		E26515BE23CABF310000E053 /* Controllers */ = {
			isa = PBXGroup;
			children = (
				E2A2AF4E2394409700FC3DB6 /* CGRLoginViewController.swift */,
				E2A2AF4A239429F000FC3DB6 /* HomeViewController.swift */,
				E271D5BA23C8C5CA004FAC36 /* ChallengeHeaderView.swift */,
				E2A2AF4C23943E1900FC3DB6 /* CGECollectionViewCell.swift */,
				E26515C123CABF9D0000E053 /* ChallengeTextCommentView.swift */,
			);
			path = Controllers;
			sourceTree = "<group>";
		};
		E282635C23C2AA35001BCD41 /* Models */ = {
			isa = PBXGroup;
			children = (
				E2A82E7F23BBF59000DB2960 /* Challenge.swift */,
			);
			path = Models;
			sourceTree = "<group>";
		};
/* End PBXGroup section */

/* Begin PBXNativeTarget section */
		4AF31A7B235CE47A0003824E /* Challenger */ = {
			isa = PBXNativeTarget;
			buildConfigurationList = 4AF31AA8235CE47C0003824E /* Build configuration list for PBXNativeTarget "Challenger" */;
			buildPhases = (
				1B9C81A641AA0A3C2FEF5684 /* [CP] Check Pods Manifest.lock */,
				4AF31A78235CE47A0003824E /* Sources */,
				4AF31A79235CE47A0003824E /* Frameworks */,
				4AF31A7A235CE47A0003824E /* Resources */,
				203D3D26FBC33474094AD33C /* [CP] Embed Pods Frameworks */,
			);
			buildRules = (
			);
			dependencies = (
			);
			name = Challenger;
			productName = Challenger;
			productReference = 4AF31A7C235CE47A0003824E /* Challenger.app */;
			productType = "com.apple.product-type.application";
		};
		4AF31A93235CE47C0003824E /* ChallengerTests */ = {
			isa = PBXNativeTarget;
			buildConfigurationList = 4AF31AAB235CE47C0003824E /* Build configuration list for PBXNativeTarget "ChallengerTests" */;
			buildPhases = (
				4AF31A90235CE47C0003824E /* Sources */,
				4AF31A91235CE47C0003824E /* Frameworks */,
				4AF31A92235CE47C0003824E /* Resources */,
			);
			buildRules = (
			);
			dependencies = (
				4AF31A96235CE47C0003824E /* PBXTargetDependency */,
			);
			name = ChallengerTests;
			productName = ChallengerTests;
			productReference = 4AF31A94235CE47C0003824E /* ChallengerTests.xctest */;
			productType = "com.apple.product-type.bundle.unit-test";
		};
		4AF31A9E235CE47C0003824E /* ChallengerUITests */ = {
			isa = PBXNativeTarget;
			buildConfigurationList = 4AF31AAE235CE47C0003824E /* Build configuration list for PBXNativeTarget "ChallengerUITests" */;
			buildPhases = (
				4AF31A9B235CE47C0003824E /* Sources */,
				4AF31A9C235CE47C0003824E /* Frameworks */,
				4AF31A9D235CE47C0003824E /* Resources */,
			);
			buildRules = (
			);
			dependencies = (
				4AF31AA1235CE47C0003824E /* PBXTargetDependency */,
			);
			name = ChallengerUITests;
			productName = ChallengerUITests;
			productReference = 4AF31A9F235CE47C0003824E /* ChallengerUITests.xctest */;
			productType = "com.apple.product-type.bundle.ui-testing";
		};
/* End PBXNativeTarget section */

/* Begin PBXProject section */
		4AF31A74235CE47A0003824E /* Project object */ = {
			isa = PBXProject;
			attributes = {
				LastUpgradeCheck = 1030;
				ORGANIZATIONNAME = "Sreenivas Appasani";
				TargetAttributes = {
					4AF31A7B235CE47A0003824E = {
						CreatedOnToolsVersion = 10.3;
						LastSwiftMigration = 1120;
					};
					4AF31A93235CE47C0003824E = {
						CreatedOnToolsVersion = 10.3;
						TestTargetID = 4AF31A7B235CE47A0003824E;
					};
					4AF31A9E235CE47C0003824E = {
						CreatedOnToolsVersion = 10.3;
						TestTargetID = 4AF31A7B235CE47A0003824E;
					};
				};
			};
			buildConfigurationList = 4AF31A77235CE47A0003824E /* Build configuration list for PBXProject "Challenger" */;
			compatibilityVersion = "Xcode 9.3";
			developmentRegion = en;
			hasScannedForEncodings = 0;
			knownRegions = (
				en,
				Base,
			);
			mainGroup = 4AF31A73235CE47A0003824E;
			productRefGroup = 4AF31A7D235CE47A0003824E /* Products */;
			projectDirPath = "";
			projectRoot = "";
			targets = (
				4AF31A7B235CE47A0003824E /* Challenger */,
				4AF31A93235CE47C0003824E /* ChallengerTests */,
				4AF31A9E235CE47C0003824E /* ChallengerUITests */,
			);
		};
/* End PBXProject section */

/* Begin PBXResourcesBuildPhase section */
		4AF31A7A235CE47A0003824E /* Resources */ = {
			isa = PBXResourcesBuildPhase;
			buildActionMask = 2147483647;
			files = (
				4AF31ADA2378E8AC0003824E /* CGRLogin_Storyboard.storyboard in Resources */,
				E26515C023CABF5E0000E053 /* ChallengeTextCommentCell.xib in Resources */,
				4AF31A8C235CE47C0003824E /* LaunchScreen.storyboard in Resources */,
				4AF31AD52378CDD10003824E /* CGECollectionViewCell.xib in Resources */,
				E282636023C38C99001BCD41 /* ChallengeHeaderView.xib in Resources */,
				4AF31A89235CE47C0003824E /* Assets.xcassets in Resources */,
				4AF31ACB236F49480003824E /* Home.storyboard in Resources */,
			);
			runOnlyForDeploymentPostprocessing = 0;
		};
		4AF31A92235CE47C0003824E /* Resources */ = {
			isa = PBXResourcesBuildPhase;
			buildActionMask = 2147483647;
			files = (
			);
			runOnlyForDeploymentPostprocessing = 0;
		};
		4AF31A9D235CE47C0003824E /* Resources */ = {
			isa = PBXResourcesBuildPhase;
			buildActionMask = 2147483647;
			files = (
			);
			runOnlyForDeploymentPostprocessing = 0;
		};
/* End PBXResourcesBuildPhase section */

/* Begin PBXShellScriptBuildPhase section */
		1B9C81A641AA0A3C2FEF5684 /* [CP] Check Pods Manifest.lock */ = {
			isa = PBXShellScriptBuildPhase;
			buildActionMask = 2147483647;
			files = (
			);
			inputFileListPaths = (
			);
			inputPaths = (
				"${PODS_PODFILE_DIR_PATH}/Podfile.lock",
				"${PODS_ROOT}/Manifest.lock",
			);
			name = "[CP] Check Pods Manifest.lock";
			outputFileListPaths = (
			);
			outputPaths = (
				"$(DERIVED_FILE_DIR)/Pods-Challenger-checkManifestLockResult.txt",
			);
			runOnlyForDeploymentPostprocessing = 0;
			shellPath = /bin/sh;
			shellScript = "diff \"${PODS_PODFILE_DIR_PATH}/Podfile.lock\" \"${PODS_ROOT}/Manifest.lock\" > /dev/null\nif [ $? != 0 ] ; then\n    # print error to STDERR\n    echo \"error: The sandbox is not in sync with the Podfile.lock. Run 'pod install' or update your CocoaPods installation.\" >&2\n    exit 1\nfi\n# This output is used by Xcode 'outputs' to avoid re-running this script phase.\necho \"SUCCESS\" > \"${SCRIPT_OUTPUT_FILE_0}\"\n";
			showEnvVarsInLog = 0;
		};
		203D3D26FBC33474094AD33C /* [CP] Embed Pods Frameworks */ = {
			isa = PBXShellScriptBuildPhase;
			buildActionMask = 2147483647;
			files = (
			);
			inputFileListPaths = (
				"${PODS_ROOT}/Target Support Files/Pods-Challenger/Pods-Challenger-frameworks-${CONFIGURATION}-input-files.xcfilelist",
			);
			name = "[CP] Embed Pods Frameworks";
			outputFileListPaths = (
				"${PODS_ROOT}/Target Support Files/Pods-Challenger/Pods-Challenger-frameworks-${CONFIGURATION}-output-files.xcfilelist",
			);
			runOnlyForDeploymentPostprocessing = 0;
			shellPath = /bin/sh;
			shellScript = "\"${PODS_ROOT}/Target Support Files/Pods-Challenger/Pods-Challenger-frameworks.sh\"\n";
			showEnvVarsInLog = 0;
		};
/* End PBXShellScriptBuildPhase section */

/* Begin PBXSourcesBuildPhase section */
		4AF31A78235CE47A0003824E /* Sources */ = {
			isa = PBXSourcesBuildPhase;
			buildActionMask = 2147483647;
			files = (
				E2A2AF4D23943E1900FC3DB6 /* CGECollectionViewCell.swift in Sources */,
				E2A2AF4F2394409700FC3DB6 /* CGRLoginViewController.swift in Sources */,
				E26515C223CABF9D0000E053 /* ChallengeTextCommentView.swift in Sources */,
				E2F7F1C323BB0FC5002311E7 /* CGRUtils.swift in Sources */,
				E271D5BB23C8C5CA004FAC36 /* ChallengeHeaderView.swift in Sources */,
				4AF31A8F235CE47C0003824E /* main.m in Sources */,
				4AF31A81235CE47A0003824E /* AppDelegate.m in Sources */,
				E2A2AF4B239429F000FC3DB6 /* HomeViewController.swift in Sources */,
				E2A82E8023BBF59000DB2960 /* Challenge.swift in Sources */,
			);
			runOnlyForDeploymentPostprocessing = 0;
		};
		4AF31A90235CE47C0003824E /* Sources */ = {
			isa = PBXSourcesBuildPhase;
			buildActionMask = 2147483647;
			files = (
				4AF31A99235CE47C0003824E /* ChallengerTests.m in Sources */,
			);
			runOnlyForDeploymentPostprocessing = 0;
		};
		4AF31A9B235CE47C0003824E /* Sources */ = {
			isa = PBXSourcesBuildPhase;
			buildActionMask = 2147483647;
			files = (
				4AF31AA4235CE47C0003824E /* ChallengerUITests.m in Sources */,
			);
			runOnlyForDeploymentPostprocessing = 0;
		};
/* End PBXSourcesBuildPhase section */

/* Begin PBXTargetDependency section */
		4AF31A96235CE47C0003824E /* PBXTargetDependency */ = {
			isa = PBXTargetDependency;
			target = 4AF31A7B235CE47A0003824E /* Challenger */;
			targetProxy = 4AF31A95235CE47C0003824E /* PBXContainerItemProxy */;
		};
		4AF31AA1235CE47C0003824E /* PBXTargetDependency */ = {
			isa = PBXTargetDependency;
			target = 4AF31A7B235CE47A0003824E /* Challenger */;
			targetProxy = 4AF31AA0235CE47C0003824E /* PBXContainerItemProxy */;
		};
/* End PBXTargetDependency section */

/* Begin PBXVariantGroup section */
		4AF31A8A235CE47C0003824E /* LaunchScreen.storyboard */ = {
			isa = PBXVariantGroup;
			children = (
				4AF31A8B235CE47C0003824E /* Base */,
			);
			name = LaunchScreen.storyboard;
			sourceTree = "<group>";
		};
/* End PBXVariantGroup section */

/* Begin XCBuildConfiguration section */
		4AF31AA6235CE47C0003824E /* Debug */ = {
			isa = XCBuildConfiguration;
			buildSettings = {
				ALWAYS_SEARCH_USER_PATHS = NO;
				CLANG_ANALYZER_NONNULL = YES;
				CLANG_ANALYZER_NUMBER_OBJECT_CONVERSION = YES_AGGRESSIVE;
				CLANG_CXX_LANGUAGE_STANDARD = "gnu++14";
				CLANG_CXX_LIBRARY = "libc++";
				CLANG_ENABLE_MODULES = YES;
				CLANG_ENABLE_OBJC_ARC = YES;
				CLANG_ENABLE_OBJC_WEAK = YES;
				CLANG_WARN_BLOCK_CAPTURE_AUTORELEASING = YES;
				CLANG_WARN_BOOL_CONVERSION = YES;
				CLANG_WARN_COMMA = YES;
				CLANG_WARN_CONSTANT_CONVERSION = YES;
				CLANG_WARN_DEPRECATED_OBJC_IMPLEMENTATIONS = YES;
				CLANG_WARN_DIRECT_OBJC_ISA_USAGE = YES_ERROR;
				CLANG_WARN_DOCUMENTATION_COMMENTS = YES;
				CLANG_WARN_EMPTY_BODY = YES;
				CLANG_WARN_ENUM_CONVERSION = YES;
				CLANG_WARN_INFINITE_RECURSION = YES;
				CLANG_WARN_INT_CONVERSION = YES;
				CLANG_WARN_NON_LITERAL_NULL_CONVERSION = YES;
				CLANG_WARN_OBJC_IMPLICIT_RETAIN_SELF = YES;
				CLANG_WARN_OBJC_LITERAL_CONVERSION = YES;
				CLANG_WARN_OBJC_ROOT_CLASS = YES_ERROR;
				CLANG_WARN_RANGE_LOOP_ANALYSIS = YES;
				CLANG_WARN_STRICT_PROTOTYPES = YES;
				CLANG_WARN_SUSPICIOUS_MOVE = YES;
				CLANG_WARN_UNGUARDED_AVAILABILITY = YES_AGGRESSIVE;
				CLANG_WARN_UNREACHABLE_CODE = YES;
				CLANG_WARN__DUPLICATE_METHOD_MATCH = YES;
				CODE_SIGN_IDENTITY = "iPhone Developer";
				COPY_PHASE_STRIP = NO;
				DEBUG_INFORMATION_FORMAT = dwarf;
				ENABLE_STRICT_OBJC_MSGSEND = YES;
				ENABLE_TESTABILITY = YES;
				GCC_C_LANGUAGE_STANDARD = gnu11;
				GCC_DYNAMIC_NO_PIC = NO;
				GCC_NO_COMMON_BLOCKS = YES;
				GCC_OPTIMIZATION_LEVEL = 0;
				GCC_PREPROCESSOR_DEFINITIONS = (
					"DEBUG=1",
					"$(inherited)",
				);
				GCC_WARN_64_TO_32_BIT_CONVERSION = YES;
				GCC_WARN_ABOUT_RETURN_TYPE = YES_ERROR;
				GCC_WARN_UNDECLARED_SELECTOR = YES;
				GCC_WARN_UNINITIALIZED_AUTOS = YES_AGGRESSIVE;
				GCC_WARN_UNUSED_FUNCTION = YES;
				GCC_WARN_UNUSED_VARIABLE = YES;
				IPHONEOS_DEPLOYMENT_TARGET = 12.4;
				MTL_ENABLE_DEBUG_INFO = INCLUDE_SOURCE;
				MTL_FAST_MATH = YES;
				ONLY_ACTIVE_ARCH = YES;
				SDKROOT = iphoneos;
			};
			name = Debug;
		};
		4AF31AA7235CE47C0003824E /* Release */ = {
			isa = XCBuildConfiguration;
			buildSettings = {
				ALWAYS_SEARCH_USER_PATHS = NO;
				CLANG_ANALYZER_NONNULL = YES;
				CLANG_ANALYZER_NUMBER_OBJECT_CONVERSION = YES_AGGRESSIVE;
				CLANG_CXX_LANGUAGE_STANDARD = "gnu++14";
				CLANG_CXX_LIBRARY = "libc++";
				CLANG_ENABLE_MODULES = YES;
				CLANG_ENABLE_OBJC_ARC = YES;
				CLANG_ENABLE_OBJC_WEAK = YES;
				CLANG_WARN_BLOCK_CAPTURE_AUTORELEASING = YES;
				CLANG_WARN_BOOL_CONVERSION = YES;
				CLANG_WARN_COMMA = YES;
				CLANG_WARN_CONSTANT_CONVERSION = YES;
				CLANG_WARN_DEPRECATED_OBJC_IMPLEMENTATIONS = YES;
				CLANG_WARN_DIRECT_OBJC_ISA_USAGE = YES_ERROR;
				CLANG_WARN_DOCUMENTATION_COMMENTS = YES;
				CLANG_WARN_EMPTY_BODY = YES;
				CLANG_WARN_ENUM_CONVERSION = YES;
				CLANG_WARN_INFINITE_RECURSION = YES;
				CLANG_WARN_INT_CONVERSION = YES;
				CLANG_WARN_NON_LITERAL_NULL_CONVERSION = YES;
				CLANG_WARN_OBJC_IMPLICIT_RETAIN_SELF = YES;
				CLANG_WARN_OBJC_LITERAL_CONVERSION = YES;
				CLANG_WARN_OBJC_ROOT_CLASS = YES_ERROR;
				CLANG_WARN_RANGE_LOOP_ANALYSIS = YES;
				CLANG_WARN_STRICT_PROTOTYPES = YES;
				CLANG_WARN_SUSPICIOUS_MOVE = YES;
				CLANG_WARN_UNGUARDED_AVAILABILITY = YES_AGGRESSIVE;
				CLANG_WARN_UNREACHABLE_CODE = YES;
				CLANG_WARN__DUPLICATE_METHOD_MATCH = YES;
				CODE_SIGN_IDENTITY = "iPhone Developer";
				COPY_PHASE_STRIP = NO;
				DEBUG_INFORMATION_FORMAT = "dwarf-with-dsym";
				ENABLE_NS_ASSERTIONS = NO;
				ENABLE_STRICT_OBJC_MSGSEND = YES;
				GCC_C_LANGUAGE_STANDARD = gnu11;
				GCC_NO_COMMON_BLOCKS = YES;
				GCC_WARN_64_TO_32_BIT_CONVERSION = YES;
				GCC_WARN_ABOUT_RETURN_TYPE = YES_ERROR;
				GCC_WARN_UNDECLARED_SELECTOR = YES;
				GCC_WARN_UNINITIALIZED_AUTOS = YES_AGGRESSIVE;
				GCC_WARN_UNUSED_FUNCTION = YES;
				GCC_WARN_UNUSED_VARIABLE = YES;
				IPHONEOS_DEPLOYMENT_TARGET = 12.4;
				MTL_ENABLE_DEBUG_INFO = NO;
				MTL_FAST_MATH = YES;
				SDKROOT = iphoneos;
				VALIDATE_PRODUCT = YES;
			};
			name = Release;
		};
		4AF31AA9235CE47C0003824E /* Debug */ = {
			isa = XCBuildConfiguration;
			baseConfigurationReference = 8F26AD8986BEB74B2602F6BF /* Pods-Challenger.debug.xcconfig */;
			buildSettings = {
				ASSETCATALOG_COMPILER_APPICON_NAME = AppIcon;
				CLANG_ENABLE_MODULES = YES;
				CODE_SIGN_STYLE = Automatic;
				DEVELOPMENT_TEAM = M3F3S44J3D;
				INFOPLIST_FILE = Challenger/Info.plist;
				LD_RUNPATH_SEARCH_PATHS = (
					"$(inherited)",
					"@executable_path/Frameworks",
				);
				OTHER_LDFLAGS = "-ObjC";
				PRODUCT_BUNDLE_IDENTIFIER = challenge.Challenger;
				PRODUCT_NAME = "$(TARGET_NAME)";
				SWIFT_OBJC_BRIDGING_HEADER = "Challenger/Challenger-Bridging-Header.h";
				SWIFT_OPTIMIZATION_LEVEL = "-Onone";
				SWIFT_VERSION = 5.0;
				TARGETED_DEVICE_FAMILY = "1,2";
			};
			name = Debug;
		};
		4AF31AAA235CE47C0003824E /* Release */ = {
			isa = XCBuildConfiguration;
			baseConfigurationReference = 96E942A59849629B67619053 /* Pods-Challenger.release.xcconfig */;
			buildSettings = {
				ASSETCATALOG_COMPILER_APPICON_NAME = AppIcon;
				CLANG_ENABLE_MODULES = YES;
				CODE_SIGN_STYLE = Automatic;
				DEVELOPMENT_TEAM = M3F3S44J3D;
				INFOPLIST_FILE = Challenger/Info.plist;
				LD_RUNPATH_SEARCH_PATHS = (
					"$(inherited)",
					"@executable_path/Frameworks",
				);
				OTHER_LDFLAGS = "-ObjC";
				PRODUCT_BUNDLE_IDENTIFIER = challenge.Challenger;
				PRODUCT_NAME = "$(TARGET_NAME)";
				SWIFT_OBJC_BRIDGING_HEADER = "Challenger/Challenger-Bridging-Header.h";
				SWIFT_VERSION = 5.0;
				TARGETED_DEVICE_FAMILY = "1,2";
			};
			name = Release;
		};
		4AF31AAC235CE47C0003824E /* Debug */ = {
			isa = XCBuildConfiguration;
			buildSettings = {
				ALWAYS_EMBED_SWIFT_STANDARD_LIBRARIES = YES;
				BUNDLE_LOADER = "$(TEST_HOST)";
				CODE_SIGN_STYLE = Automatic;
				DEVELOPMENT_TEAM = NCUHR8A5QG;
				INFOPLIST_FILE = ChallengerTests/Info.plist;
				LD_RUNPATH_SEARCH_PATHS = (
					"$(inherited)",
					"@executable_path/Frameworks",
					"@loader_path/Frameworks",
				);
				PRODUCT_BUNDLE_IDENTIFIER = challenge.ChallengerTests;
				PRODUCT_NAME = "$(TARGET_NAME)";
				TARGETED_DEVICE_FAMILY = "1,2";
				TEST_HOST = "$(BUILT_PRODUCTS_DIR)/Challenger.app/Challenger";
			};
			name = Debug;
		};
		4AF31AAD235CE47C0003824E /* Release */ = {
			isa = XCBuildConfiguration;
			buildSettings = {
				ALWAYS_EMBED_SWIFT_STANDARD_LIBRARIES = YES;
				BUNDLE_LOADER = "$(TEST_HOST)";
				CODE_SIGN_STYLE = Automatic;
				DEVELOPMENT_TEAM = NCUHR8A5QG;
				INFOPLIST_FILE = ChallengerTests/Info.plist;
				LD_RUNPATH_SEARCH_PATHS = (
					"$(inherited)",
					"@executable_path/Frameworks",
					"@loader_path/Frameworks",
				);
				PRODUCT_BUNDLE_IDENTIFIER = challenge.ChallengerTests;
				PRODUCT_NAME = "$(TARGET_NAME)";
				TARGETED_DEVICE_FAMILY = "1,2";
				TEST_HOST = "$(BUILT_PRODUCTS_DIR)/Challenger.app/Challenger";
			};
			name = Release;
		};
		4AF31AAF235CE47C0003824E /* Debug */ = {
			isa = XCBuildConfiguration;
			buildSettings = {
				ALWAYS_EMBED_SWIFT_STANDARD_LIBRARIES = YES;
				CODE_SIGN_STYLE = Automatic;
				DEVELOPMENT_TEAM = NCUHR8A5QG;
				INFOPLIST_FILE = ChallengerUITests/Info.plist;
				LD_RUNPATH_SEARCH_PATHS = (
					"$(inherited)",
					"@executable_path/Frameworks",
					"@loader_path/Frameworks",
				);
				PRODUCT_BUNDLE_IDENTIFIER = challenge.ChallengerUITests;
				PRODUCT_NAME = "$(TARGET_NAME)";
				TARGETED_DEVICE_FAMILY = "1,2";
				TEST_TARGET_NAME = Challenger;
			};
			name = Debug;
		};
		4AF31AB0235CE47C0003824E /* Release */ = {
			isa = XCBuildConfiguration;
			buildSettings = {
				ALWAYS_EMBED_SWIFT_STANDARD_LIBRARIES = YES;
				CODE_SIGN_STYLE = Automatic;
				DEVELOPMENT_TEAM = NCUHR8A5QG;
				INFOPLIST_FILE = ChallengerUITests/Info.plist;
				LD_RUNPATH_SEARCH_PATHS = (
					"$(inherited)",
					"@executable_path/Frameworks",
					"@loader_path/Frameworks",
				);
				PRODUCT_BUNDLE_IDENTIFIER = challenge.ChallengerUITests;
				PRODUCT_NAME = "$(TARGET_NAME)";
				TARGETED_DEVICE_FAMILY = "1,2";
				TEST_TARGET_NAME = Challenger;
			};
			name = Release;
		};
/* End XCBuildConfiguration section */

/* Begin XCConfigurationList section */
		4AF31A77235CE47A0003824E /* Build configuration list for PBXProject "Challenger" */ = {
			isa = XCConfigurationList;
			buildConfigurations = (
				4AF31AA6235CE47C0003824E /* Debug */,
				4AF31AA7235CE47C0003824E /* Release */,
			);
			defaultConfigurationIsVisible = 0;
			defaultConfigurationName = Release;
		};
		4AF31AA8235CE47C0003824E /* Build configuration list for PBXNativeTarget "Challenger" */ = {
			isa = XCConfigurationList;
			buildConfigurations = (
				4AF31AA9235CE47C0003824E /* Debug */,
				4AF31AAA235CE47C0003824E /* Release */,
			);
			defaultConfigurationIsVisible = 0;
			defaultConfigurationName = Release;
		};
		4AF31AAB235CE47C0003824E /* Build configuration list for PBXNativeTarget "ChallengerTests" */ = {
			isa = XCConfigurationList;
			buildConfigurations = (
				4AF31AAC235CE47C0003824E /* Debug */,
				4AF31AAD235CE47C0003824E /* Release */,
			);
			defaultConfigurationIsVisible = 0;
			defaultConfigurationName = Release;
		};
		4AF31AAE235CE47C0003824E /* Build configuration list for PBXNativeTarget "ChallengerUITests" */ = {
			isa = XCConfigurationList;
			buildConfigurations = (
				4AF31AAF235CE47C0003824E /* Debug */,
				4AF31AB0235CE47C0003824E /* Release */,
			);
			defaultConfigurationIsVisible = 0;
			defaultConfigurationName = Release;
		};
/* End XCConfigurationList section */
	};
	rootObject = 4AF31A74235CE47A0003824E /* Project object */;
}
